<?xml version="1.0" encoding="utf-8"?>
<Project ToolsVersion="4.0" xmlns="http://schemas.microsoft.com/developer/msbuild/2003">
  <ItemGroup>
    <Filter Include="Shaders">
      <UniqueIdentifier>{d3ac9942-feab-4037-a922-72495e50ceec}</UniqueIdentifier>
    </Filter>
    <Filter Include="Graphics">
      <UniqueIdentifier>{84890b0d-c70e-412b-8726-ed8b3c0ccf0c}</UniqueIdentifier>
    </Filter>
    <Filter Include="Input">
      <UniqueIdentifier>{5874fe89-56ce-4165-b486-e6107bd87f69}</UniqueIdentifier>
    </Filter>
  </ItemGroup>
  <ItemGroup>
    <FxCompile Include="DefaultPixelShader.hlsl">
      <Filter>Shaders</Filter>
    </FxCompile>
    <FxCompile Include="DefaultVertexShader.hlsl">
      <Filter>Shaders</Filter>
    </FxCompile>
  </ItemGroup>
  <ItemGroup>
    <ClCompile Include="Main.cpp" />
  </ItemGroup>
  <ItemGroup>
    <ClInclude Include="Window.hpp" />
    <ClInclude Include="WindowsUtilities.hpp" />
    <ClInclude Include="Graphics\Graphics.hpp">
      <Filter>Graphics</Filter>
    </ClInclude>
    <ClInclude Include="Colour.hpp">
      <Filter>Graphics</Filter>
    </ClInclude>
    <ClInclude Include="Vertex.hpp">
      <Filter>Graphics</Filter>
    </ClInclude>
    <ClInclude Include="Vector2D.hpp" />
    <ClInclude Include="Mouse.hpp">
      <Filter>Input</Filter>
    </ClInclude>
    <ClInclude Include="KeyState.hpp">
      <Filter>Input</Filter>
    </ClInclude>
  </ItemGroup>
</Project>